
Microsoft Visual Studio Solution File, Format Version 12.00
# Visual Studio 15
VisualStudioVersion = 15.0.28307.271
MinimumVisualStudioVersion = 10.0.40219.1
Project("{FAE04EC0-301F-11D3-BF4B-00C04F79EFBC}") = "AutoSignup", "AutoSignup\AutoSignup.csproj", "{E136C00D-DA02-4885-9AFC-E68B9CCFCE25}"
EndProject
Global
	GlobalSection(SolutionConfigurationPlatforms) = preSolution
		Debug|Any CPU = Debug|Any CPU
		Release|Any CPU = Release|Any CPU
	EndGlobalSection
	GlobalSection(ProjectConfigurationPlatforms) = postSolution
		{E136C00D-DA02-4885-9AFC-E68B9CCFCE25}.Debug|Any CPU.ActiveCfg = Debug|Any CPU
		{E136C00D-DA02-4885-9AFC-E68B9CCFCE25}.Debug|Any CPU.Build.0 = Debug|Any CPU
		{E136C00D-DA02-4885-9AFC-E68B9CCFCE25}.Release|Any CPU.ActiveCfg = Release|Any CPU
		{E136C00D-DA02-4885-9AFC-E68B9CCFCE25}.Release|Any CPU.Build.0 = Release|Any CPU
	EndGlobalSection
	GlobalSection(SolutionProperties) = preSolution
		HideSolutionNode = FALSE
	EndGlobalSection
	GlobalSection(ExtensibilityGlobals) = postSolution
		SolutionGuid = {C340D69A-7A82-4AAA-8434-14B7642D3B2B}
	EndGlobalSection
EndGlobal
